{
  "name": "mdn-webref",
  "lockfileVersion": 3,
  "requires": true,
  "packages": {
    "": {
      "dependencies": {
        "@webref/css": "^8.1.1",
        "css-tree": "^3.1.0",
        "mdn-data": "^2.25.0"
      }
    },
    "../../w3c/reffy": {
      "version": "18.7.3",
      "extraneous": true,
      "license": "MIT",
      "dependencies": {
        "ajv": "8.17.1",
        "ajv-formats": "3.0.1",
        "commander": "14.0.0",
        "fetch-filecache-for-crawling": "5.1.1",
        "puppeteer": "24.9.0",
        "semver": "^7.3.5",
        "web-specs": "3.52.0",
        "webidl2": "24.4.1"
      },
      "bin": {
        "reffy": "reffy.js"
      },
      "devDependencies": {
        "respec": "35.4.0",
        "respec-hljs": "2.1.1",
        "rollup": "4.41.1",
        "undici": "^7.0.0"
      },
      "engines": {
        "node": ">=20.18.1"
      }
    },
    "node_modules/@webref/css": {
      "version": "8.1.1",
      "resolved": "https://registry.npmjs.org/@webref/css/-/css-8.1.1.tgz",
      "integrity": "sha512-YkLNPAdhR5BpO38ob82PsJx0xQMFtGGOVKmJQQu7jbBdxzcShcHd3t/Uo4oLxdZm0DV8gsyRK517r1Og99MkaA==",
      "license": "MIT",
      "peerDependencies": {
        "css-tree": "^3.1.0"
      }
    },
    "node_modules/css-tree": {
      "version": "3.1.0",
      "resolved": "https://registry.npmjs.org/css-tree/-/css-tree-3.1.0.tgz",
      "integrity": "sha512-0eW44TGN5SQXU1mWSkKwFstI/22X2bG1nYzZTYMAWjylYURhse752YgbE4Cx46AC+bAvI+/dYTPRk1LqSUnu6w==",
      "license": "MIT",
      "dependencies": {
        "mdn-data": "2.12.2",
        "source-map-js": "^1.0.1"
      },
      "engines": {
        "node": "^10 || ^12.20.0 || ^14.13.0 || >=15.0.0"
      }
    },
    "node_modules/css-tree/node_modules/mdn-data": {
      "version": "2.12.2",
      "resolved": "https://registry.npmjs.org/mdn-data/-/mdn-data-2.12.2.tgz",
      "integrity": "sha512-IEn+pegP1aManZuckezWCO+XZQDplx1366JoVhTpMpBB1sPey/SbveZQUosKiKiGYjg1wH4pMlNgXbCiYgihQA==",
      "license": "CC0-1.0"
    },
    "node_modules/mdn-data": {
      "version": "2.25.0",
      "resolved": "https://registry.npmjs.org/mdn-data/-/mdn-data-2.25.0.tgz",
      "integrity": "sha512-T2LPsjgUE/tgMmRXREVmwsux89DwWfNjiynOeXuLd2mX6jphGQ2YE3Ukz7LQ2VOFKiVZU/Ee1GqzHiipZCjymw==",
      "license": "CC0-1.0"
    },
    "node_modules/source-map-js": {
      "version": "1.2.1",
      "resolved": "https://registry.npmjs.org/source-map-js/-/source-map-js-1.2.1.tgz",
      "integrity": "sha512-UXWMKhLOwVKb728IUtQPXxfYU+usdybtUrK/8uGE8CQMvrhOpwvzDBwj0QhSL7MQc7vIsISBG8VQ8+IDQxpfQA==",
      "license": "BSD-3-Clause",
      "engines": {
        "node": ">=0.10.0"
      }
    }
  }
}
